
Microsoft Visual Studio Solution File, Format Version 12.00
# Visual Studio Version 16
VisualStudioVersion = 16.0.30114.105
MinimumVisualStudioVersion = 10.0.40219.1
Project("{FAE04EC0-301F-11D3-BF4B-00C04F79EFBC}") = "StudentsWeb", "StudentsWeb\StudentsWeb.csproj", "{88BE519E-F474-4EEA-A505-D825F9433C7A}"
EndProject
Project("{FAE04EC0-301F-11D3-BF4B-00C04F79EFBC}") = "Client", "Client\Client.csproj", "{C08833E7-0515-49A2-A1B9-D6969AAD1C4F}"
EndProject
Global
	GlobalSection(SolutionConfigurationPlatforms) = preSolution
		Debug|Any CPU = Debug|Any CPU
		Release|Any CPU = Release|Any CPU
	EndGlobalSection
	GlobalSection(ProjectConfigurationPlatforms) = postSolution
		{88BE519E-F474-4EEA-A505-D825F9433C7A}.Debug|Any CPU.ActiveCfg = Debug|Any CPU
		{88BE519E-F474-4EEA-A505-D825F9433C7A}.Debug|Any CPU.Build.0 = Debug|Any CPU
		{88BE519E-F474-4EEA-A505-D825F9433C7A}.Release|Any CPU.ActiveCfg = Release|Any CPU
		{88BE519E-F474-4EEA-A505-D825F9433C7A}.Release|Any CPU.Build.0 = Release|Any CPU
		{C08833E7-0515-49A2-A1B9-D6969AAD1C4F}.Debug|Any CPU.ActiveCfg = Debug|Any CPU
		{C08833E7-0515-49A2-A1B9-D6969AAD1C4F}.Debug|Any CPU.Build.0 = Debug|Any CPU
		{C08833E7-0515-49A2-A1B9-D6969AAD1C4F}.Release|Any CPU.ActiveCfg = Release|Any CPU
		{C08833E7-0515-49A2-A1B9-D6969AAD1C4F}.Release|Any CPU.Build.0 = Release|Any CPU
	EndGlobalSection
	GlobalSection(SolutionProperties) = preSolution
		HideSolutionNode = FALSE
	EndGlobalSection
	GlobalSection(ExtensibilityGlobals) = postSolution
		SolutionGuid = {DC163035-F582-4A22-9D8F-3F434E302121}
	EndGlobalSection
EndGlobal
